// !$*UTF8*$!
{
	archiveVersion = 1;
	classes = {
	};
	objectVersion = 56;
	objects = {

/* Begin PBXBuildFile section */
		FE8E6D802C93E415002F3DCB /* SMCKit.c in Sources */ = {isa = PBXBuildFile; fileRef = FE8E6D7F2C93E415002F3DCB /* SMCKit.c */; };
		FEB902272C92A71700A2A134 /* BatteryManagerApp.swift in Sources */ = {isa = PBXBuildFile; fileRef = FEB902262C92A71700A2A134 /* BatteryManagerApp.swift */; };
		FEB9022B2C92A71800A2A134 /* Assets.xcassets in Resources */ = {isa = PBXBuildFile; fileRef = FEB9022A2C92A71800A2A134 /* Assets.xcassets */; };
		FEB9022E2C92A71800A2A134 /* Preview Assets.xcassets in Resources */ = {isa = PBXBuildFile; fileRef = FEB9022D2C92A71800A2A134 /* Preview Assets.xcassets */; };
		FEB902392C92A71800A2A134 /* BatteryManagerTests.swift in Sources */ = {isa = PBXBuildFile; fileRef = FEB902382C92A71800A2A134 /* BatteryManagerTests.swift */; };
		FEB902432C92A71800A2A134 /* BatteryManagerUITests.swift in Sources */ = {isa = PBXBuildFile; fileRef = FEB902422C92A71800A2A134 /* BatteryManagerUITests.swift */; };
		FEB902452C92A71800A2A134 /* BatteryManagerUITestsLaunchTests.swift in Sources */ = {isa = PBXBuildFile; fileRef = FEB902442C92A71800A2A134 /* BatteryManagerUITestsLaunchTests.swift */; };
		FEB902592C92B6BB00A2A134 /* AppDelegate.swift in Sources */ = {isa = PBXBuildFile; fileRef = FEB902582C92B6BB00A2A134 /* AppDelegate.swift */; };
		FEB9025C2C92B7C900A2A134 /* IOKit.framework in Frameworks */ = {isa = PBXBuildFile; fileRef = FEB9025B2C92B7C900A2A134 /* IOKit.framework */; };
		AA0000012D000001000AA001 /* AppState.swift in Sources */ = {isa = PBXBuildFile; fileRef = AA0000012D000001000AA000 /* AppState.swift */; };
		AA0000022D000002000AA001 /* BatteryInfo.swift in Sources */ = {isa = PBXBuildFile; fileRef = AA0000022D000002000AA000 /* BatteryInfo.swift */; };
		AA0000032D000003000AA001 /* ChargingMode.swift in Sources */ = {isa = PBXBuildFile; fileRef = AA0000032D000003000AA000 /* ChargingMode.swift */; };
		AA0000042D000004000AA001 /* SMCKey.swift in Sources */ = {isa = PBXBuildFile; fileRef = AA0000042D000004000AA000 /* SMCKey.swift */; };
		AA0000052D000005000AA001 /* Settings.swift in Sources */ = {isa = PBXBuildFile; fileRef = AA0000052D000005000AA000 /* Settings.swift */; };
		AA0000062D000006000AA001 /* CalibrationState.swift in Sources */ = {isa = PBXBuildFile; fileRef = AA0000062D000006000AA000 /* CalibrationState.swift */; };
		AA0000072D000007000AA001 /* PowerSource.swift in Sources */ = {isa = PBXBuildFile; fileRef = AA0000072D000007000AA000 /* PowerSource.swift */; };
		AA0000082D000008000AA001 /* Schedule.swift in Sources */ = {isa = PBXBuildFile; fileRef = AA0000082D000008000AA000 /* Schedule.swift */; };
		AA0000092D000009000AA001 /* SMCService.swift in Sources */ = {isa = PBXBuildFile; fileRef = AA0000092D000009000AA000 /* SMCService.swift */; };
		AA000010200000100AA00001 /* BatteryService.swift in Sources */ = {isa = PBXBuildFile; fileRef = AA000010200000100AA00000 /* BatteryService.swift */; };
		AA000011200000110AA00001 /* ChargingController.swift in Sources */ = {isa = PBXBuildFile; fileRef = AA000011200000110AA00000 /* ChargingController.swift */; };
		AA000012200000120AA00001 /* ThermalService.swift in Sources */ = {isa = PBXBuildFile; fileRef = AA000012200000120AA00000 /* ThermalService.swift */; };
		AA000013200000130AA00001 /* ClamshellService.swift in Sources */ = {isa = PBXBuildFile; fileRef = AA000013200000130AA00000 /* ClamshellService.swift */; };
		AA000014200000140AA00001 /* CalibrationService.swift in Sources */ = {isa = PBXBuildFile; fileRef = AA000014200000140AA00000 /* CalibrationService.swift */; };
		AA000015200000150AA00001 /* ScheduleService.swift in Sources */ = {isa = PBXBuildFile; fileRef = AA000015200000150AA00000 /* ScheduleService.swift */; };
		AA000016200000160AA00001 /* PowerAssertionService.swift in Sources */ = {isa = PBXBuildFile; fileRef = AA000016200000160AA00000 /* PowerAssertionService.swift */; };
		AA000017200000170AA00001 /* MagSafeLEDService.swift in Sources */ = {isa = PBXBuildFile; fileRef = AA000017200000170AA00000 /* MagSafeLEDService.swift */; };
		AA000018200000180AA00001 /* MainPopoverView.swift in Sources */ = {isa = PBXBuildFile; fileRef = AA000018200000180AA00000 /* MainPopoverView.swift */; };
		AA000019200000190AA00001 /* BatteryStatusView.swift in Sources */ = {isa = PBXBuildFile; fileRef = AA000019200000190AA00000 /* BatteryStatusView.swift */; };
		AA000020200000200AA00001 /* ChargeLimitView.swift in Sources */ = {isa = PBXBuildFile; fileRef = AA000020200000200AA00000 /* ChargeLimitView.swift */; };
		AA000021200000210AA00001 /* SailingModeView.swift in Sources */ = {isa = PBXBuildFile; fileRef = AA000021200000210AA00000 /* SailingModeView.swift */; };
		AA000022200000220AA00001 /* CalibrationView.swift in Sources */ = {isa = PBXBuildFile; fileRef = AA000022200000220AA00000 /* CalibrationView.swift */; };
		AA000023200000230AA00001 /* StatsView.swift in Sources */ = {isa = PBXBuildFile; fileRef = AA000023200000230AA00000 /* StatsView.swift */; };
		AA000024200000240AA00001 /* PowerFlowView.swift in Sources */ = {isa = PBXBuildFile; fileRef = AA000024200000240AA00000 /* PowerFlowView.swift */; };
		AA000025200000250AA00001 /* MenuBarIconManager.swift in Sources */ = {isa = PBXBuildFile; fileRef = AA000025200000250AA00000 /* MenuBarIconManager.swift */; };
		AA000026200000260AA00001 /* SettingsView.swift in Sources */ = {isa = PBXBuildFile; fileRef = AA000026200000260AA00000 /* SettingsView.swift */; };
		AA000027200000270AA00001 /* ScheduleView.swift in Sources */ = {isa = PBXBuildFile; fileRef = AA000027200000270AA00000 /* ScheduleView.swift */; };
		AA000028200000280AA00001 /* BatteryViewModel.swift in Sources */ = {isa = PBXBuildFile; fileRef = AA000028200000280AA00000 /* BatteryViewModel.swift */; };
		AA000029200000290AA00001 /* StatsViewModel.swift in Sources */ = {isa = PBXBuildFile; fileRef = AA000029200000290AA00000 /* StatsViewModel.swift */; };
		AA000030200000300AA00001 /* ScheduleViewModel.swift in Sources */ = {isa = PBXBuildFile; fileRef = AA000030200000300AA00000 /* ScheduleViewModel.swift */; };
		AA000031200000310AA00001 /* SetChargeLimitIntent.swift in Sources */ = {isa = PBXBuildFile; fileRef = AA000031200000310AA00000 /* SetChargeLimitIntent.swift */; };
		AA000032200000320AA00001 /* GetBatteryInfoIntent.swift in Sources */ = {isa = PBXBuildFile; fileRef = AA000032200000320AA00000 /* GetBatteryInfoIntent.swift */; };
		AA000033200000330AA00001 /* ToggleChargingIntent.swift in Sources */ = {isa = PBXBuildFile; fileRef = AA000033200000330AA00000 /* ToggleChargingIntent.swift */; };
		AA000034200000340AA00001 /* StartSailingModeIntent.swift in Sources */ = {isa = PBXBuildFile; fileRef = AA000034200000340AA00000 /* StartSailingModeIntent.swift */; };
		AA000035200000350AA00001 /* BatteryShortcuts.swift in Sources */ = {isa = PBXBuildFile; fileRef = AA000035200000350AA00000 /* BatteryShortcuts.swift */; };
		AA000036200000360AA00001 /* UpdateChecker.swift in Sources */ = {isa = PBXBuildFile; fileRef = AA000036200000360AA00000 /* UpdateChecker.swift */; };
		AA000037200000370AA00001 /* BuildInfo.swift in Sources */ = {isa = PBXBuildFile; fileRef = AA000037200000370AA00000 /* BuildInfo.swift */; };
/* End PBXBuildFile section */

/* Begin PBXContainerItemProxy section */
		FEB902352C92A71800A2A134 /* PBXContainerItemProxy */ = {
			isa = PBXContainerItemProxy;
			containerPortal = FEB9021B2C92A71700A2A134 /* Project object */;
			proxyType = 1;
			remoteGlobalIDString = FEB902222C92A71700A2A134;
			remoteInfo = BatteryManager;
		};
		FEB9023F2C92A71800A2A134 /* PBXContainerItemProxy */ = {
			isa = PBXContainerItemProxy;
			containerPortal = FEB9021B2C92A71700A2A134 /* Project object */;
			proxyType = 1;
			remoteGlobalIDString = FEB902222C92A71700A2A134;
			remoteInfo = BatteryManager;
		};
/* End PBXContainerItemProxy section */

/* Begin PBXFileReference section */
		FE8E6D7D2C93E414002F3DCB /* BatteryManager-Bridging-Header.h */ = {isa = PBXFileReference; lastKnownFileType = sourcecode.c.h; path = "BatteryManager-Bridging-Header.h"; sourceTree = "<group>"; };
		FE8E6D7E2C93E415002F3DCB /* SMCKit.h */ = {isa = PBXFileReference; lastKnownFileType = sourcecode.c.h; path = SMCKit.h; sourceTree = "<group>"; };
		FE8E6D7F2C93E415002F3DCB /* SMCKit.c */ = {isa = PBXFileReference; lastKnownFileType = sourcecode.c.c; path = SMCKit.c; sourceTree = "<group>"; };
		FEB902232C92A71700A2A134 /* BatteryManager.app */ = {isa = PBXFileReference; explicitFileType = wrapper.application; includeInIndex = 0; path = BatteryManager.app; sourceTree = BUILT_PRODUCTS_DIR; };
		FEB902262C92A71700A2A134 /* BatteryManagerApp.swift */ = {isa = PBXFileReference; lastKnownFileType = sourcecode.swift; path = BatteryManagerApp.swift; sourceTree = "<group>"; };
		FEB9022A2C92A71800A2A134 /* Assets.xcassets */ = {isa = PBXFileReference; lastKnownFileType = folder.assetcatalog; path = Assets.xcassets; sourceTree = "<group>"; };
		FEB9022D2C92A71800A2A134 /* Preview Assets.xcassets */ = {isa = PBXFileReference; lastKnownFileType = folder.assetcatalog; path = "Preview Assets.xcassets"; sourceTree = "<group>"; };
		FEB9022F2C92A71800A2A134 /* BatteryManager.entitlements */ = {isa = PBXFileReference; lastKnownFileType = text.plist.entitlements; path = BatteryManager.entitlements; sourceTree = "<group>"; };
		FEB902342C92A71800A2A134 /* BatteryManagerTests.xctest */ = {isa = PBXFileReference; explicitFileType = wrapper.cfbundle; includeInIndex = 0; path = BatteryManagerTests.xctest; sourceTree = BUILT_PRODUCTS_DIR; };
		FEB902382C92A71800A2A134 /* BatteryManagerTests.swift */ = {isa = PBXFileReference; lastKnownFileType = sourcecode.swift; path = BatteryManagerTests.swift; sourceTree = "<group>"; };
		FEB9023E2C92A71800A2A134 /* BatteryManagerUITests.xctest */ = {isa = PBXFileReference; explicitFileType = wrapper.cfbundle; includeInIndex = 0; path = BatteryManagerUITests.xctest; sourceTree = BUILT_PRODUCTS_DIR; };
		FEB902422C92A71800A2A134 /* BatteryManagerUITests.swift */ = {isa = PBXFileReference; lastKnownFileType = sourcecode.swift; path = BatteryManagerUITests.swift; sourceTree = "<group>"; };
		FEB902442C92A71800A2A134 /* BatteryManagerUITestsLaunchTests.swift */ = {isa = PBXFileReference; lastKnownFileType = sourcecode.swift; path = BatteryManagerUITestsLaunchTests.swift; sourceTree = "<group>"; };
		FEB902552C92B16900A2A134 /* Info.plist */ = {isa = PBXFileReference; lastKnownFileType = text.plist; path = Info.plist; sourceTree = "<group>"; };
		FEB902582C92B6BB00A2A134 /* AppDelegate.swift */ = {isa = PBXFileReference; lastKnownFileType = sourcecode.swift; path = AppDelegate.swift; sourceTree = "<group>"; };
		FEB9025B2C92B7C900A2A134 /* IOKit.framework */ = {isa = PBXFileReference; lastKnownFileType = wrapper.framework; name = IOKit.framework; path = System/Library/Frameworks/IOKit.framework; sourceTree = SDKROOT; };
		AA0000012D000001000AA000 /* AppState.swift */ = {isa = PBXFileReference; lastKnownFileType = sourcecode.swift; path = AppState.swift; sourceTree = "<group>"; };
		AA0000022D000002000AA000 /* BatteryInfo.swift */ = {isa = PBXFileReference; lastKnownFileType = sourcecode.swift; path = BatteryInfo.swift; sourceTree = "<group>"; };
		AA0000032D000003000AA000 /* ChargingMode.swift */ = {isa = PBXFileReference; lastKnownFileType = sourcecode.swift; path = ChargingMode.swift; sourceTree = "<group>"; };
		AA0000042D000004000AA000 /* SMCKey.swift */ = {isa = PBXFileReference; lastKnownFileType = sourcecode.swift; path = SMCKey.swift; sourceTree = "<group>"; };
		AA0000052D000005000AA000 /* Settings.swift */ = {isa = PBXFileReference; lastKnownFileType = sourcecode.swift; path = Settings.swift; sourceTree = "<group>"; };
		AA0000062D000006000AA000 /* CalibrationState.swift */ = {isa = PBXFileReference; lastKnownFileType = sourcecode.swift; path = CalibrationState.swift; sourceTree = "<group>"; };
		AA0000072D000007000AA000 /* PowerSource.swift */ = {isa = PBXFileReference; lastKnownFileType = sourcecode.swift; path = PowerSource.swift; sourceTree = "<group>"; };
		AA0000082D000008000AA000 /* Schedule.swift */ = {isa = PBXFileReference; lastKnownFileType = sourcecode.swift; path = Schedule.swift; sourceTree = "<group>"; };
		AA0000092D000009000AA000 /* SMCService.swift */ = {isa = PBXFileReference; lastKnownFileType = sourcecode.swift; path = SMCService.swift; sourceTree = "<group>"; };
		AA000010200000100AA00000 /* BatteryService.swift */ = {isa = PBXFileReference; lastKnownFileType = sourcecode.swift; path = BatteryService.swift; sourceTree = "<group>"; };
		AA000011200000110AA00000 /* ChargingController.swift */ = {isa = PBXFileReference; lastKnownFileType = sourcecode.swift; path = ChargingController.swift; sourceTree = "<group>"; };
		AA000012200000120AA00000 /* ThermalService.swift */ = {isa = PBXFileReference; lastKnownFileType = sourcecode.swift; path = ThermalService.swift; sourceTree = "<group>"; };
		AA000013200000130AA00000 /* ClamshellService.swift */ = {isa = PBXFileReference; lastKnownFileType = sourcecode.swift; path = ClamshellService.swift; sourceTree = "<group>"; };
		AA000014200000140AA00000 /* CalibrationService.swift */ = {isa = PBXFileReference; lastKnownFileType = sourcecode.swift; path = CalibrationService.swift; sourceTree = "<group>"; };
		AA000015200000150AA00000 /* ScheduleService.swift */ = {isa = PBXFileReference; lastKnownFileType = sourcecode.swift; path = ScheduleService.swift; sourceTree = "<group>"; };
		AA000016200000160AA00000 /* PowerAssertionService.swift */ = {isa = PBXFileReference; lastKnownFileType = sourcecode.swift; path = PowerAssertionService.swift; sourceTree = "<group>"; };
		AA000017200000170AA00000 /* MagSafeLEDService.swift */ = {isa = PBXFileReference; lastKnownFileType = sourcecode.swift; path = MagSafeLEDService.swift; sourceTree = "<group>"; };
		AA000018200000180AA00000 /* MainPopoverView.swift */ = {isa = PBXFileReference; lastKnownFileType = sourcecode.swift; path = MainPopoverView.swift; sourceTree = "<group>"; };
		AA000019200000190AA00000 /* BatteryStatusView.swift */ = {isa = PBXFileReference; lastKnownFileType = sourcecode.swift; path = BatteryStatusView.swift; sourceTree = "<group>"; };
		AA000020200000200AA00000 /* ChargeLimitView.swift */ = {isa = PBXFileReference; lastKnownFileType = sourcecode.swift; path = ChargeLimitView.swift; sourceTree = "<group>"; };
		AA000021200000210AA00000 /* SailingModeView.swift */ = {isa = PBXFileReference; lastKnownFileType = sourcecode.swift; path = SailingModeView.swift; sourceTree = "<group>"; };
		AA000022200000220AA00000 /* CalibrationView.swift */ = {isa = PBXFileReference; lastKnownFileType = sourcecode.swift; path = CalibrationView.swift; sourceTree = "<group>"; };
		AA000023200000230AA00000 /* StatsView.swift */ = {isa = PBXFileReference; lastKnownFileType = sourcecode.swift; path = StatsView.swift; sourceTree = "<group>"; };
		AA000024200000240AA00000 /* PowerFlowView.swift */ = {isa = PBXFileReference; lastKnownFileType = sourcecode.swift; path = PowerFlowView.swift; sourceTree = "<group>"; };
		AA000025200000250AA00000 /* MenuBarIconManager.swift */ = {isa = PBXFileReference; lastKnownFileType = sourcecode.swift; path = MenuBarIconManager.swift; sourceTree = "<group>"; };
		AA000026200000260AA00000 /* SettingsView.swift */ = {isa = PBXFileReference; lastKnownFileType = sourcecode.swift; path = SettingsView.swift; sourceTree = "<group>"; };
		AA000027200000270AA00000 /* ScheduleView.swift */ = {isa = PBXFileReference; lastKnownFileType = sourcecode.swift; path = ScheduleView.swift; sourceTree = "<group>"; };
		AA000028200000280AA00000 /* BatteryViewModel.swift */ = {isa = PBXFileReference; lastKnownFileType = sourcecode.swift; path = BatteryViewModel.swift; sourceTree = "<group>"; };
		AA000029200000290AA00000 /* StatsViewModel.swift */ = {isa = PBXFileReference; lastKnownFileType = sourcecode.swift; path = StatsViewModel.swift; sourceTree = "<group>"; };
		AA000030200000300AA00000 /* ScheduleViewModel.swift */ = {isa = PBXFileReference; lastKnownFileType = sourcecode.swift; path = ScheduleViewModel.swift; sourceTree = "<group>"; };
		AA000031200000310AA00000 /* SetChargeLimitIntent.swift */ = {isa = PBXFileReference; lastKnownFileType = sourcecode.swift; path = SetChargeLimitIntent.swift; sourceTree = "<group>"; };
		AA000032200000320AA00000 /* GetBatteryInfoIntent.swift */ = {isa = PBXFileReference; lastKnownFileType = sourcecode.swift; path = GetBatteryInfoIntent.swift; sourceTree = "<group>"; };
		AA000033200000330AA00000 /* ToggleChargingIntent.swift */ = {isa = PBXFileReference; lastKnownFileType = sourcecode.swift; path = ToggleChargingIntent.swift; sourceTree = "<group>"; };
		AA000034200000340AA00000 /* StartSailingModeIntent.swift */ = {isa = PBXFileReference; lastKnownFileType = sourcecode.swift; path = StartSailingModeIntent.swift; sourceTree = "<group>"; };
		AA000035200000350AA00000 /* BatteryShortcuts.swift */ = {isa = PBXFileReference; lastKnownFileType = sourcecode.swift; path = BatteryShortcuts.swift; sourceTree = "<group>"; };
		AA000036200000360AA00000 /* UpdateChecker.swift */ = {isa = PBXFileReference; lastKnownFileType = sourcecode.swift; path = UpdateChecker.swift; sourceTree = "<group>"; };
		AA000037200000370AA00000 /* BuildInfo.swift */ = {isa = PBXFileReference; lastKnownFileType = sourcecode.swift; path = BuildInfo.swift; sourceTree = "<group>"; };
/* End PBXFileReference section */

/* Begin PBXFrameworksBuildPhase section */
		FEB902202C92A71700A2A134 /* Frameworks */ = {
			isa = PBXFrameworksBuildPhase;
			buildActionMask = 2147483647;
			files = (
				FEB9025C2C92B7C900A2A134 /* IOKit.framework in Frameworks */,
			);
			runOnlyForDeploymentPostprocessing = 0;
		};
		FEB902312C92A71800A2A134 /* Frameworks */ = {
			isa = PBXFrameworksBuildPhase;
			buildActionMask = 2147483647;
			files = (
			);
			runOnlyForDeploymentPostprocessing = 0;
		};
		FEB9023B2C92A71800A2A134 /* Frameworks */ = {
			isa = PBXFrameworksBuildPhase;
			buildActionMask = 2147483647;
			files = (
			);
			runOnlyForDeploymentPostprocessing = 0;
		};
/* End PBXFrameworksBuildPhase section */

/* Begin PBXGroup section */
		FEB9021A2C92A71700A2A134 = {
			isa = PBXGroup;
			children = (
				FEB902252C92A71700A2A134 /* BatteryManager */,
				FEB902372C92A71800A2A134 /* BatteryManagerTests */,
				FEB902412C92A71800A2A134 /* BatteryManagerUITests */,
				FEB902242C92A71700A2A134 /* Products */,
				FEB9025A2C92B7C900A2A134 /* Frameworks */,
			);
			sourceTree = "<group>";
		};
		FEB902242C92A71700A2A134 /* Products */ = {
			isa = PBXGroup;
			children = (
				FEB902232C92A71700A2A134 /* BatteryManager.app */,
				FEB902342C92A71800A2A134 /* BatteryManagerTests.xctest */,
				FEB9023E2C92A71800A2A134 /* BatteryManagerUITests.xctest */,
			);
			name = Products;
			sourceTree = "<group>";
		};
		FEB902252C92A71700A2A134 /* BatteryManager */ = {
			isa = PBXGroup;
			children = (
				FEB902552C92B16900A2A134 /* Info.plist */,
				FEB9022F2C92A71800A2A134 /* BatteryManager.entitlements */,
				AA0000A02D000100000AA000 /* App */,
				AA0000A12D000101000AA000 /* Models */,
				AA0000A22D000102000AA000 /* Services */,
				AA0000A32D000103000AA000 /* Views */,
				AA0000A42D000104000AA000 /* ViewModels */,
				AA0000A52D000105000AA000 /* Intents */,
				AA0000A62D000106000AA000 /* Helpers */,
				FEB9022A2C92A71800A2A134 /* Assets.xcassets */,
				FEB9022C2C92A71800A2A134 /* Preview Content */,
			);
			path = BatteryManager;
			sourceTree = "<group>";
		};
		AA0000A02D000100000AA000 /* App */ = {
			isa = PBXGroup;
			children = (
				FEB902262C92A71700A2A134 /* BatteryManagerApp.swift */,
				FEB902582C92B6BB00A2A134 /* AppDelegate.swift */,
				AA0000012D000001000AA000 /* AppState.swift */,
				AA000037200000370AA00000 /* BuildInfo.swift */,
			);
			path = App;
			sourceTree = "<group>";
		};
		AA0000A12D000101000AA000 /* Models */ = {
			isa = PBXGroup;
			children = (
				AA0000022D000002000AA000 /* BatteryInfo.swift */,
				AA0000032D000003000AA000 /* ChargingMode.swift */,
				AA0000042D000004000AA000 /* SMCKey.swift */,
				AA0000052D000005000AA000 /* Settings.swift */,
				AA0000062D000006000AA000 /* CalibrationState.swift */,
				AA0000072D000007000AA000 /* PowerSource.swift */,
				AA0000082D000008000AA000 /* Schedule.swift */,
			);
			path = Models;
			sourceTree = "<group>";
		};
		AA0000A22D000102000AA000 /* Services */ = {
			isa = PBXGroup;
			children = (
				AA0000092D000009000AA000 /* SMCService.swift */,
				AA000010200000100AA00000 /* BatteryService.swift */,
				AA000011200000110AA00000 /* ChargingController.swift */,
				AA000012200000120AA00000 /* ThermalService.swift */,
				AA000013200000130AA00000 /* ClamshellService.swift */,
				AA000014200000140AA00000 /* CalibrationService.swift */,
				AA000015200000150AA00000 /* ScheduleService.swift */,
				AA000016200000160AA00000 /* PowerAssertionService.swift */,
				AA000017200000170AA00000 /* MagSafeLEDService.swift */,
				AA000036200000360AA00000 /* UpdateChecker.swift */,
			);
			path = Services;
			sourceTree = "<group>";
		};
		AA0000A32D000103000AA000 /* Views */ = {
			isa = PBXGroup;
			children = (
				AA000018200000180AA00000 /* MainPopoverView.swift */,
				AA000019200000190AA00000 /* BatteryStatusView.swift */,
				AA000020200000200AA00000 /* ChargeLimitView.swift */,
				AA000021200000210AA00000 /* SailingModeView.swift */,
				AA000022200000220AA00000 /* CalibrationView.swift */,
				AA000023200000230AA00000 /* StatsView.swift */,
				AA000024200000240AA00000 /* PowerFlowView.swift */,
				AA000025200000250AA00000 /* MenuBarIconManager.swift */,
				AA000026200000260AA00000 /* SettingsView.swift */,
				AA000027200000270AA00000 /* ScheduleView.swift */,
			);
			path = Views;
			sourceTree = "<group>";
		};
		AA0000A42D000104000AA000 /* ViewModels */ = {
			isa = PBXGroup;
			children = (
				AA000028200000280AA00000 /* BatteryViewModel.swift */,
				AA000029200000290AA00000 /* StatsViewModel.swift */,
				AA000030200000300AA00000 /* ScheduleViewModel.swift */,
			);
			path = ViewModels;
			sourceTree = "<group>";
		};
		AA0000A52D000105000AA000 /* Intents */ = {
			isa = PBXGroup;
			children = (
				AA000031200000310AA00000 /* SetChargeLimitIntent.swift */,
				AA000032200000320AA00000 /* GetBatteryInfoIntent.swift */,
				AA000033200000330AA00000 /* ToggleChargingIntent.swift */,
				AA000034200000340AA00000 /* StartSailingModeIntent.swift */,
				AA000035200000350AA00000 /* BatteryShortcuts.swift */,
			);
			path = Intents;
			sourceTree = "<group>";
		};
		AA0000A62D000106000AA000 /* Helpers */ = {
			isa = PBXGroup;
			children = (
				FE8E6D7E2C93E415002F3DCB /* SMCKit.h */,
				FE8E6D7F2C93E415002F3DCB /* SMCKit.c */,
				FE8E6D7D2C93E414002F3DCB /* BatteryManager-Bridging-Header.h */,
			);
			path = Helpers;
			sourceTree = "<group>";
		};
		FEB9022C2C92A71800A2A134 /* Preview Content */ = {
			isa = PBXGroup;
			children = (
				FEB9022D2C92A71800A2A134 /* Preview Assets.xcassets */,
			);
			path = "Preview Content";
			sourceTree = "<group>";
		};
		FEB902372C92A71800A2A134 /* BatteryManagerTests */ = {
			isa = PBXGroup;
			children = (
				FEB902382C92A71800A2A134 /* BatteryManagerTests.swift */,
			);
			path = BatteryManagerTests;
			sourceTree = "<group>";
		};
		FEB902412C92A71800A2A134 /* BatteryManagerUITests */ = {
			isa = PBXGroup;
			children = (
				FEB902422C92A71800A2A134 /* BatteryManagerUITests.swift */,
				FEB902442C92A71800A2A134 /* BatteryManagerUITestsLaunchTests.swift */,
			);
			path = BatteryManagerUITests;
			sourceTree = "<group>";
		};
		FEB9025A2C92B7C900A2A134 /* Frameworks */ = {
			isa = PBXGroup;
			children = (
				FEB9025B2C92B7C900A2A134 /* IOKit.framework */,
			);
			name = Frameworks;
			sourceTree = "<group>";
		};
/* End PBXGroup section */

/* Begin PBXNativeTarget section */
		FEB902222C92A71700A2A134 /* BatteryManager */ = {
			isa = PBXNativeTarget;
			buildConfigurationList = FEB902482C92A71800A2A134 /* Build configuration list for PBXNativeTarget "BatteryManager" */;
			buildPhases = (
				AA000038200000380AA00000 /* Generate BuildInfo */,
				FEB9021F2C92A71700A2A134 /* Sources */,
				FEB902202C92A71700A2A134 /* Frameworks */,
				FEB902212C92A71700A2A134 /* Resources */,
			);
			buildRules = (
			);
			dependencies = (
			);
			name = BatteryManager;
			productName = BatteryManager;
			productReference = FEB902232C92A71700A2A134 /* BatteryManager.app */;
			productType = "com.apple.product-type.application";
		};
		FEB902332C92A71800A2A134 /* BatteryManagerTests */ = {
			isa = PBXNativeTarget;
			buildConfigurationList = FEB9024B2C92A71800A2A134 /* Build configuration list for PBXNativeTarget "BatteryManagerTests" */;
			buildPhases = (
				FEB902302C92A71800A2A134 /* Sources */,
				FEB902312C92A71800A2A134 /* Frameworks */,
				FEB902322C92A71800A2A134 /* Resources */,
			);
			buildRules = (
			);
			dependencies = (
				FEB902362C92A71800A2A134 /* PBXTargetDependency */,
			);
			name = BatteryManagerTests;
			productName = BatteryManagerTests;
			productReference = FEB902342C92A71800A2A134 /* BatteryManagerTests.xctest */;
			productType = "com.apple.product-type.bundle.unit-test";
		};
		FEB9023D2C92A71800A2A134 /* BatteryManagerUITests */ = {
			isa = PBXNativeTarget;
			buildConfigurationList = FEB9024E2C92A71800A2A134 /* Build configuration list for PBXNativeTarget "BatteryManagerUITests" */;
			buildPhases = (
				FEB9023A2C92A71800A2A134 /* Sources */,
				FEB9023B2C92A71800A2A134 /* Frameworks */,
				FEB9023C2C92A71800A2A134 /* Resources */,
			);
			buildRules = (
			);
			dependencies = (
				FEB902402C92A71800A2A134 /* PBXTargetDependency */,
			);
			name = BatteryManagerUITests;
			productName = BatteryManagerUITests;
			productReference = FEB9023E2C92A71800A2A134 /* BatteryManagerUITests.xctest */;
			productType = "com.apple.product-type.bundle.ui-testing";
		};
/* End PBXNativeTarget section */

/* Begin PBXProject section */
		FEB9021B2C92A71700A2A134 /* Project object */ = {
			isa = PBXProject;
			attributes = {
				BuildIndependentTargetsInParallel = 1;
				LastSwiftUpdateCheck = 1540;
				LastUpgradeCheck = 1540;
				TargetAttributes = {
					FEB902222C92A71700A2A134 = {
						CreatedOnToolsVersion = 15.4;
						LastSwiftMigration = 1540;
					};
					FEB902332C92A71800A2A134 = {
						CreatedOnToolsVersion = 15.4;
						TestTargetID = FEB902222C92A71700A2A134;
					};
					FEB9023D2C92A71800A2A134 = {
						CreatedOnToolsVersion = 15.4;
						TestTargetID = FEB902222C92A71700A2A134;
					};
				};
			};
			buildConfigurationList = FEB9021E2C92A71700A2A134 /* Build configuration list for PBXProject "BatteryManager" */;
			compatibilityVersion = "Xcode 14.0";
			developmentRegion = en;
			hasScannedForEncodings = 0;
			knownRegions = (
				en,
				Base,
			);
			mainGroup = FEB9021A2C92A71700A2A134;
			productRefGroup = FEB902242C92A71700A2A134 /* Products */;
			projectDirPath = "";
			projectRoot = "";
			targets = (
				FEB902222C92A71700A2A134 /* BatteryManager */,
				FEB902332C92A71800A2A134 /* BatteryManagerTests */,
				FEB9023D2C92A71800A2A134 /* BatteryManagerUITests */,
			);
		};
/* End PBXProject section */

/* Begin PBXResourcesBuildPhase section */
		FEB902212C92A71700A2A134 /* Resources */ = {
			isa = PBXResourcesBuildPhase;
			buildActionMask = 2147483647;
			files = (
				FEB9022E2C92A71800A2A134 /* Preview Assets.xcassets in Resources */,
				FEB9022B2C92A71800A2A134 /* Assets.xcassets in Resources */,
			);
			runOnlyForDeploymentPostprocessing = 0;
		};
		FEB902322C92A71800A2A134 /* Resources */ = {
			isa = PBXResourcesBuildPhase;
			buildActionMask = 2147483647;
			files = (
			);
			runOnlyForDeploymentPostprocessing = 0;
		};
		FEB9023C2C92A71800A2A134 /* Resources */ = {
			isa = PBXResourcesBuildPhase;
			buildActionMask = 2147483647;
			files = (
			);
			runOnlyForDeploymentPostprocessing = 0;
		};
/* End PBXResourcesBuildPhase section */

/* Begin PBXShellScriptBuildPhase section */
		AA000038200000380AA00000 /* Generate BuildInfo */ = {
			isa = PBXShellScriptBuildPhase;
			buildActionMask = 2147483647;
			files = (
			);
			inputPaths = (
			);
			name = "Generate BuildInfo";
			outputPaths = (
				"$(SRCROOT)/BatteryManager/App/BuildInfo.swift",
			);
			runOnlyForDeploymentPostprocessing = 0;
			shellPath = /bin/sh;
			shellScript = "echo \"enum BuildInfo { static let commitSHA = \\\"$(git rev-parse HEAD)\\\" }\" > ${SRCROOT}/BatteryManager/App/BuildInfo.swift\n";
		};
/* End PBXShellScriptBuildPhase section */

/* Begin PBXSourcesBuildPhase section */
		FEB9021F2C92A71700A2A134 /* Sources */ = {
			isa = PBXSourcesBuildPhase;
			buildActionMask = 2147483647;
			files = (
				FE8E6D802C93E415002F3DCB /* SMCKit.c in Sources */,
				FEB902592C92B6BB00A2A134 /* AppDelegate.swift in Sources */,
				FEB902272C92A71700A2A134 /* BatteryManagerApp.swift in Sources */,
				AA0000012D000001000AA001 /* AppState.swift in Sources */,
				AA0000022D000002000AA001 /* BatteryInfo.swift in Sources */,
				AA0000032D000003000AA001 /* ChargingMode.swift in Sources */,
				AA0000042D000004000AA001 /* SMCKey.swift in Sources */,
				AA0000052D000005000AA001 /* Settings.swift in Sources */,
				AA0000062D000006000AA001 /* CalibrationState.swift in Sources */,
				AA0000072D000007000AA001 /* PowerSource.swift in Sources */,
				AA0000082D000008000AA001 /* Schedule.swift in Sources */,
				AA0000092D000009000AA001 /* SMCService.swift in Sources */,
				AA000010200000100AA00001 /* BatteryService.swift in Sources */,
				AA000011200000110AA00001 /* ChargingController.swift in Sources */,
				AA000012200000120AA00001 /* ThermalService.swift in Sources */,
				AA000013200000130AA00001 /* ClamshellService.swift in Sources */,
				AA000014200000140AA00001 /* CalibrationService.swift in Sources */,
				AA000015200000150AA00001 /* ScheduleService.swift in Sources */,
				AA000016200000160AA00001 /* PowerAssertionService.swift in Sources */,
				AA000017200000170AA00001 /* MagSafeLEDService.swift in Sources */,
				AA000018200000180AA00001 /* MainPopoverView.swift in Sources */,
				AA000019200000190AA00001 /* BatteryStatusView.swift in Sources */,
				AA000020200000200AA00001 /* ChargeLimitView.swift in Sources */,
				AA000021200000210AA00001 /* SailingModeView.swift in Sources */,
				AA000022200000220AA00001 /* CalibrationView.swift in Sources */,
				AA000023200000230AA00001 /* StatsView.swift in Sources */,
				AA000024200000240AA00001 /* PowerFlowView.swift in Sources */,
				AA000025200000250AA00001 /* MenuBarIconManager.swift in Sources */,
				AA000026200000260AA00001 /* SettingsView.swift in Sources */,
				AA000027200000270AA00001 /* ScheduleView.swift in Sources */,
				AA000028200000280AA00001 /* BatteryViewModel.swift in Sources */,
				AA000029200000290AA00001 /* StatsViewModel.swift in Sources */,
				AA000030200000300AA00001 /* ScheduleViewModel.swift in Sources */,
				AA000031200000310AA00001 /* SetChargeLimitIntent.swift in Sources */,
				AA000032200000320AA00001 /* GetBatteryInfoIntent.swift in Sources */,
				AA000033200000330AA00001 /* ToggleChargingIntent.swift in Sources */,
				AA000034200000340AA00001 /* StartSailingModeIntent.swift in Sources */,
				AA000035200000350AA00001 /* BatteryShortcuts.swift in Sources */,
				AA000036200000360AA00001 /* UpdateChecker.swift in Sources */,
				AA000037200000370AA00001 /* BuildInfo.swift in Sources */,
			);
			runOnlyForDeploymentPostprocessing = 0;
		};
		FEB902302C92A71800A2A134 /* Sources */ = {
			isa = PBXSourcesBuildPhase;
			buildActionMask = 2147483647;
			files = (
				FEB902392C92A71800A2A134 /* BatteryManagerTests.swift in Sources */,
			);
			runOnlyForDeploymentPostprocessing = 0;
		};
		FEB9023A2C92A71800A2A134 /* Sources */ = {
			isa = PBXSourcesBuildPhase;
			buildActionMask = 2147483647;
			files = (
				FEB902452C92A71800A2A134 /* BatteryManagerUITestsLaunchTests.swift in Sources */,
				FEB902432C92A71800A2A134 /* BatteryManagerUITests.swift in Sources */,
			);
			runOnlyForDeploymentPostprocessing = 0;
		};
/* End PBXSourcesBuildPhase section */

/* Begin PBXTargetDependency section */
		FEB902362C92A71800A2A134 /* PBXTargetDependency */ = {
			isa = PBXTargetDependency;
			target = FEB902222C92A71700A2A134 /* BatteryManager */;
			targetProxy = FEB902352C92A71800A2A134 /* PBXContainerItemProxy */;
		};
		FEB902402C92A71800A2A134 /* PBXTargetDependency */ = {
			isa = PBXTargetDependency;
			target = FEB902222C92A71700A2A134 /* BatteryManager */;
			targetProxy = FEB9023F2C92A71800A2A134 /* PBXContainerItemProxy */;
		};
/* End PBXTargetDependency section */

/* Begin XCBuildConfiguration section */
		FEB902462C92A71800A2A134 /* Debug */ = {
			isa = XCBuildConfiguration;
			buildSettings = {
				ALWAYS_SEARCH_USER_PATHS = NO;
				ASSETCATALOG_COMPILER_GENERATE_SWIFT_ASSET_SYMBOL_EXTENSIONS = YES;
				CLANG_ANALYZER_NONNULL = YES;
				CLANG_ANALYZER_NUMBER_OBJECT_CONVERSION = YES_AGGRESSIVE;
				CLANG_CXX_LANGUAGE_STANDARD = "gnu++20";
				CLANG_ENABLE_MODULES = YES;
				CLANG_ENABLE_OBJC_ARC = YES;
				CLANG_ENABLE_OBJC_WEAK = YES;
				CLANG_WARN_BLOCK_CAPTURE_AUTORELEASING = YES;
				CLANG_WARN_BOOL_CONVERSION = YES;
				CLANG_WARN_COMMA = YES;
				CLANG_WARN_CONSTANT_CONVERSION = YES;
				CLANG_WARN_DEPRECATED_OBJC_IMPLEMENTATIONS = YES;
				CLANG_WARN_DIRECT_OBJC_ISA_USAGE = YES_ERROR;
				CLANG_WARN_DOCUMENTATION_COMMENTS = YES;
				CLANG_WARN_EMPTY_BODY = YES;
				CLANG_WARN_ENUM_CONVERSION = YES;
				CLANG_WARN_INFINITE_RECURSION = YES;
				CLANG_WARN_INT_CONVERSION = YES;
				CLANG_WARN_NON_LITERAL_NULL_CONVERSION = YES;
				CLANG_WARN_OBJC_IMPLICIT_RETAIN_SELF = YES;
				CLANG_WARN_OBJC_LITERAL_CONVERSION = YES;
				CLANG_WARN_OBJC_ROOT_CLASS = YES_ERROR;
				CLANG_WARN_QUOTED_INCLUDE_IN_FRAMEWORK_HEADER = YES;
				CLANG_WARN_RANGE_LOOP_ANALYSIS = YES;
				CLANG_WARN_STRICT_PROTOTYPES = YES;
				CLANG_WARN_SUSPICIOUS_MOVE = YES;
				CLANG_WARN_UNGUARDED_AVAILABILITY = YES_AGGRESSIVE;
				CLANG_WARN_UNREACHABLE_CODE = YES;
				CLANG_WARN__DUPLICATE_METHOD_MATCH = YES;
				COPY_PHASE_STRIP = NO;
				DEBUG_INFORMATION_FORMAT = dwarf;
				ENABLE_STRICT_OBJC_MSGSEND = YES;
				ENABLE_TESTABILITY = YES;
				ENABLE_USER_SCRIPT_SANDBOXING = NO;
				GCC_C_LANGUAGE_STANDARD = gnu17;
				GCC_DYNAMIC_NO_PIC = NO;
				GCC_NO_COMMON_BLOCKS = YES;
				GCC_OPTIMIZATION_LEVEL = 0;
				GCC_PREPROCESSOR_DEFINITIONS = (
					"DEBUG=1",
					"$(inherited)",
				);
				GCC_WARN_64_TO_32_BIT_CONVERSION = YES;
				GCC_WARN_ABOUT_RETURN_TYPE = YES_ERROR;
				GCC_WARN_UNDECLARED_SELECTOR = YES;
				GCC_WARN_UNINITIALIZED_AUTOS = YES_AGGRESSIVE;
				GCC_WARN_UNUSED_FUNCTION = YES;
				GCC_WARN_UNUSED_VARIABLE = YES;
				LOCALIZATION_PREFERS_STRING_CATALOGS = YES;
				MACOSX_DEPLOYMENT_TARGET = 14.5;
				MTL_ENABLE_DEBUG_INFO = INCLUDE_SOURCE;
				MTL_FAST_MATH = YES;
				ONLY_ACTIVE_ARCH = YES;
				SDKROOT = macosx;
				SWIFT_ACTIVE_COMPILATION_CONDITIONS = "DEBUG $(inherited)";
				SWIFT_OPTIMIZATION_LEVEL = "-Onone";
			};
			name = Debug;
		};
		FEB902472C92A71800A2A134 /* Release */ = {
			isa = XCBuildConfiguration;
			buildSettings = {
				ALWAYS_SEARCH_USER_PATHS = NO;
				ASSETCATALOG_COMPILER_GENERATE_SWIFT_ASSET_SYMBOL_EXTENSIONS = YES;
				CLANG_ANALYZER_NONNULL = YES;
				CLANG_ANALYZER_NUMBER_OBJECT_CONVERSION = YES_AGGRESSIVE;
				CLANG_CXX_LANGUAGE_STANDARD = "gnu++20";
				CLANG_ENABLE_MODULES = YES;
				CLANG_ENABLE_OBJC_ARC = YES;
				CLANG_ENABLE_OBJC_WEAK = YES;
				CLANG_WARN_BLOCK_CAPTURE_AUTORELEASING = YES;
				CLANG_WARN_BOOL_CONVERSION = YES;
				CLANG_WARN_COMMA = YES;
				CLANG_WARN_CONSTANT_CONVERSION = YES;
				CLANG_WARN_DEPRECATED_OBJC_IMPLEMENTATIONS = YES;
				CLANG_WARN_DIRECT_OBJC_ISA_USAGE = YES_ERROR;
				CLANG_WARN_DOCUMENTATION_COMMENTS = YES;
				CLANG_WARN_EMPTY_BODY = YES;
				CLANG_WARN_ENUM_CONVERSION = YES;
				CLANG_WARN_INFINITE_RECURSION = YES;
				CLANG_WARN_INT_CONVERSION = YES;
				CLANG_WARN_NON_LITERAL_NULL_CONVERSION = YES;
				CLANG_WARN_OBJC_IMPLICIT_RETAIN_SELF = YES;
				CLANG_WARN_OBJC_LITERAL_CONVERSION = YES;
				CLANG_WARN_OBJC_ROOT_CLASS = YES_ERROR;
				CLANG_WARN_QUOTED_INCLUDE_IN_FRAMEWORK_HEADER = YES;
				CLANG_WARN_RANGE_LOOP_ANALYSIS = YES;
				CLANG_WARN_STRICT_PROTOTYPES = YES;
				CLANG_WARN_SUSPICIOUS_MOVE = YES;
				CLANG_WARN_UNGUARDED_AVAILABILITY = YES_AGGRESSIVE;
				CLANG_WARN_UNREACHABLE_CODE = YES;
				CLANG_WARN__DUPLICATE_METHOD_MATCH = YES;
				COPY_PHASE_STRIP = NO;
				DEBUG_INFORMATION_FORMAT = "dwarf-with-dsym";
				ENABLE_NS_ASSERTIONS = NO;
				ENABLE_STRICT_OBJC_MSGSEND = YES;
				ENABLE_USER_SCRIPT_SANDBOXING = NO;
				GCC_C_LANGUAGE_STANDARD = gnu17;
				GCC_NO_COMMON_BLOCKS = YES;
				GCC_WARN_64_TO_32_BIT_CONVERSION = YES;
				GCC_WARN_ABOUT_RETURN_TYPE = YES_ERROR;
				GCC_WARN_UNDECLARED_SELECTOR = YES;
				GCC_WARN_UNINITIALIZED_AUTOS = YES_AGGRESSIVE;
				GCC_WARN_UNUSED_FUNCTION = YES;
				GCC_WARN_UNUSED_VARIABLE = YES;
				LOCALIZATION_PREFERS_STRING_CATALOGS = YES;
				MACOSX_DEPLOYMENT_TARGET = 14.5;
				MTL_ENABLE_DEBUG_INFO = NO;
				MTL_FAST_MATH = YES;
				SDKROOT = macosx;
				SWIFT_COMPILATION_MODE = wholemodule;
			};
			name = Release;
		};
		FEB902492C92A71800A2A134 /* Debug */ = {
			isa = XCBuildConfiguration;
			buildSettings = {
				ASSETCATALOG_COMPILER_APPICON_NAME = AppIcon;
				ASSETCATALOG_COMPILER_GLOBAL_ACCENT_COLOR_NAME = AccentColor;
				CLANG_ENABLE_MODULES = YES;
				CODE_SIGN_ENTITLEMENTS = BatteryManager/BatteryManager.entitlements;
				CODE_SIGN_STYLE = Automatic;
				COMBINE_HIDPI_IMAGES = YES;
				CURRENT_PROJECT_VERSION = 1;
				DEVELOPMENT_ASSET_PATHS = "\"BatteryManager/Preview Content\"";
				DEVELOPMENT_TEAM = AY429H89ZJ;
				ENABLE_HARDENED_RUNTIME = YES;
				ENABLE_PREVIEWS = YES;
				GENERATE_INFOPLIST_FILE = YES;
				INFOPLIST_FILE = BatteryManager/Info.plist;
				INFOPLIST_KEY_NSHumanReadableCopyright = "";
				LD_RUNPATH_SEARCH_PATHS = (
					"$(inherited)",
					"@executable_path/../Frameworks",
				);
				MARKETING_VERSION = 1.0;
				PRODUCT_BUNDLE_IDENTIFIER = Self.BatteryManager;
				PRODUCT_NAME = "$(TARGET_NAME)";
				SWIFT_EMIT_LOC_STRINGS = YES;
				SWIFT_OBJC_BRIDGING_HEADER = "BatteryManager/Helpers/BatteryManager-Bridging-Header.h";
				SWIFT_OPTIMIZATION_LEVEL = "-Onone";
				SWIFT_VERSION = 5.0;
			};
			name = Debug;
		};
		FEB9024A2C92A71800A2A134 /* Release */ = {
			isa = XCBuildConfiguration;
			buildSettings = {
				ASSETCATALOG_COMPILER_APPICON_NAME = AppIcon;
				ASSETCATALOG_COMPILER_GLOBAL_ACCENT_COLOR_NAME = AccentColor;
				CLANG_ENABLE_MODULES = YES;
				CODE_SIGN_ENTITLEMENTS = BatteryManager/BatteryManager.entitlements;
				CODE_SIGN_STYLE = Automatic;
				COMBINE_HIDPI_IMAGES = YES;
				CURRENT_PROJECT_VERSION = 1;
				DEVELOPMENT_ASSET_PATHS = "\"BatteryManager/Preview Content\"";
				DEVELOPMENT_TEAM = AY429H89ZJ;
				ENABLE_HARDENED_RUNTIME = YES;
				ENABLE_PREVIEWS = YES;
				GENERATE_INFOPLIST_FILE = YES;
				INFOPLIST_FILE = BatteryManager/Info.plist;
				INFOPLIST_KEY_NSHumanReadableCopyright = "";
				LD_RUNPATH_SEARCH_PATHS = (
					"$(inherited)",
					"@executable_path/../Frameworks",
				);
				MARKETING_VERSION = 1.0;
				PRODUCT_BUNDLE_IDENTIFIER = Self.BatteryManager;
				PRODUCT_NAME = "$(TARGET_NAME)";
				SWIFT_EMIT_LOC_STRINGS = YES;
				SWIFT_OBJC_BRIDGING_HEADER = "BatteryManager/Helpers/BatteryManager-Bridging-Header.h";
				SWIFT_VERSION = 5.0;
			};
			name = Release;
		};
		FEB9024C2C92A71800A2A134 /* Debug */ = {
			isa = XCBuildConfiguration;
			buildSettings = {
				ALWAYS_EMBED_SWIFT_STANDARD_LIBRARIES = YES;
				BUNDLE_LOADER = "$(TEST_HOST)";
				CODE_SIGN_STYLE = Automatic;
				CURRENT_PROJECT_VERSION = 1;
				DEVELOPMENT_TEAM = AY429H89ZJ;
				GENERATE_INFOPLIST_FILE = YES;
				MACOSX_DEPLOYMENT_TARGET = 14.5;
				MARKETING_VERSION = 1.0;
				PRODUCT_BUNDLE_IDENTIFIER = Self.BatteryManagerTests;
				PRODUCT_NAME = "$(TARGET_NAME)";
				SWIFT_EMIT_LOC_STRINGS = NO;
				SWIFT_VERSION = 5.0;
				TEST_HOST = "$(BUILT_PRODUCTS_DIR)/BatteryManager.app/$(BUNDLE_EXECUTABLE_FOLDER_PATH)/BatteryManager";
			};
			name = Debug;
		};
		FEB9024D2C92A71800A2A134 /* Release */ = {
			isa = XCBuildConfiguration;
			buildSettings = {
				ALWAYS_EMBED_SWIFT_STANDARD_LIBRARIES = YES;
				BUNDLE_LOADER = "$(TEST_HOST)";
				CODE_SIGN_STYLE = Automatic;
				CURRENT_PROJECT_VERSION = 1;
				DEVELOPMENT_TEAM = AY429H89ZJ;
				GENERATE_INFOPLIST_FILE = YES;
				MACOSX_DEPLOYMENT_TARGET = 14.5;
				MARKETING_VERSION = 1.0;
				PRODUCT_BUNDLE_IDENTIFIER = Self.BatteryManagerTests;
				PRODUCT_NAME = "$(TARGET_NAME)";
				SWIFT_EMIT_LOC_STRINGS = NO;
				SWIFT_VERSION = 5.0;
				TEST_HOST = "$(BUILT_PRODUCTS_DIR)/BatteryManager.app/$(BUNDLE_EXECUTABLE_FOLDER_PATH)/BatteryManager";
			};
			name = Release;
		};
		FEB9024F2C92A71800A2A134 /* Debug */ = {
			isa = XCBuildConfiguration;
			buildSettings = {
				ALWAYS_EMBED_SWIFT_STANDARD_LIBRARIES = YES;
				CODE_SIGN_STYLE = Automatic;
				CURRENT_PROJECT_VERSION = 1;
				DEVELOPMENT_TEAM = AY429H89ZJ;
				GENERATE_INFOPLIST_FILE = YES;
				MARKETING_VERSION = 1.0;
				PRODUCT_BUNDLE_IDENTIFIER = Self.BatteryManagerUITests;
				PRODUCT_NAME = "$(TARGET_NAME)";
				SWIFT_EMIT_LOC_STRINGS = NO;
				SWIFT_VERSION = 5.0;
				TEST_TARGET_NAME = BatteryManager;
			};
			name = Debug;
		};
		FEB902502C92A71800A2A134 /* Release */ = {
			isa = XCBuildConfiguration;
			buildSettings = {
				ALWAYS_EMBED_SWIFT_STANDARD_LIBRARIES = YES;
				CODE_SIGN_STYLE = Automatic;
				CURRENT_PROJECT_VERSION = 1;
				DEVELOPMENT_TEAM = AY429H89ZJ;
				GENERATE_INFOPLIST_FILE = YES;
				MARKETING_VERSION = 1.0;
				PRODUCT_BUNDLE_IDENTIFIER = Self.BatteryManagerUITests;
				PRODUCT_NAME = "$(TARGET_NAME)";
				SWIFT_EMIT_LOC_STRINGS = NO;
				SWIFT_VERSION = 5.0;
				TEST_TARGET_NAME = BatteryManager;
			};
			name = Release;
		};
/* End XCBuildConfiguration section */

/* Begin XCConfigurationList section */
		FEB9021E2C92A71700A2A134 /* Build configuration list for PBXProject "BatteryManager" */ = {
			isa = XCConfigurationList;
			buildConfigurations = (
				FEB902462C92A71800A2A134 /* Debug */,
				FEB902472C92A71800A2A134 /* Release */,
			);
			defaultConfigurationIsVisible = 0;
			defaultConfigurationName = Release;
		};
		FEB902482C92A71800A2A134 /* Build configuration list for PBXNativeTarget "BatteryManager" */ = {
			isa = XCConfigurationList;
			buildConfigurations = (
				FEB902492C92A71800A2A134 /* Debug */,
				FEB9024A2C92A71800A2A134 /* Release */,
			);
			defaultConfigurationIsVisible = 0;
			defaultConfigurationName = Release;
		};
		FEB9024B2C92A71800A2A134 /* Build configuration list for PBXNativeTarget "BatteryManagerTests" */ = {
			isa = XCConfigurationList;
			buildConfigurations = (
				FEB9024C2C92A71800A2A134 /* Debug */,
				FEB9024D2C92A71800A2A134 /* Release */,
			);
			defaultConfigurationIsVisible = 0;
			defaultConfigurationName = Release;
		};
		FEB9024E2C92A71800A2A134 /* Build configuration list for PBXNativeTarget "BatteryManagerUITests" */ = {
			isa = XCConfigurationList;
			buildConfigurations = (
				FEB9024F2C92A71800A2A134 /* Debug */,
				FEB902502C92A71800A2A134 /* Release */,
			);
			defaultConfigurationIsVisible = 0;
			defaultConfigurationName = Release;
		};
/* End XCConfigurationList section */
	};
	rootObject = FEB9021B2C92A71700A2A134 /* Project object */;
}
